// !$*UTF8*$!
{
	archiveVersion = 1;
	classes = {
	};
	objectVersion = 50;
	objects = {

/* Begin PBXBuildFile section */
		82E7553924EEA01F0040801A /* AppDelegate.swift in Sources */ = {isa = PBXBuildFile; fileRef = 82E7553824EEA01F0040801A /* AppDelegate.swift */; };
		82E7553B24EEA01F0040801A /* SceneDelegate.swift in Sources */ = {isa = PBXBuildFile; fileRef = 82E7553A24EEA01F0040801A /* SceneDelegate.swift */; };
		82E7553E24EEA01F0040801A /* Fokus_Timer.xcdatamodeld in Sources */ = {isa = PBXBuildFile; fileRef = 82E7553C24EEA01F0040801A /* Fokus_Timer.xcdatamodeld */; };
		82E7554024EEA01F0040801A /* MainScreen.swift in Sources */ = {isa = PBXBuildFile; fileRef = 82E7553F24EEA01F0040801A /* MainScreen.swift */; };
		82E7554224EEA0210040801A /* Assets.xcassets in Resources */ = {isa = PBXBuildFile; fileRef = 82E7554124EEA0210040801A /* Assets.xcassets */; };
		82E7554524EEA0210040801A /* Preview Assets.xcassets in Resources */ = {isa = PBXBuildFile; fileRef = 82E7554424EEA0210040801A /* Preview Assets.xcassets */; };
		82E7554824EEA0210040801A /* LaunchScreen.storyboard in Resources */ = {isa = PBXBuildFile; fileRef = 82E7554624EEA0210040801A /* LaunchScreen.storyboard */; };
		82E7555324EEA0210040801A /* Fokus_TimerTests.swift in Sources */ = {isa = PBXBuildFile; fileRef = 82E7555224EEA0210040801A /* Fokus_TimerTests.swift */; };
		82E7555E24EEA0220040801A /* Fokus_TimerUITests.swift in Sources */ = {isa = PBXBuildFile; fileRef = 82E7555D24EEA0220040801A /* Fokus_TimerUITests.swift */; };
/* End PBXBuildFile section */

/* Begin PBXContainerItemProxy section */
		82E7554F24EEA0210040801A /* PBXContainerItemProxy */ = {
			isa = PBXContainerItemProxy;
			containerPortal = 82E7552D24EEA01F0040801A /* Project object */;
			proxyType = 1;
			remoteGlobalIDString = 82E7553424EEA01F0040801A;
			remoteInfo = "Fokus Timer";
		};
		82E7555A24EEA0220040801A /* PBXContainerItemProxy */ = {
			isa = PBXContainerItemProxy;
			containerPortal = 82E7552D24EEA01F0040801A /* Project object */;
			proxyType = 1;
			remoteGlobalIDString = 82E7553424EEA01F0040801A;
			remoteInfo = "Fokus Timer";
		};
/* End PBXContainerItemProxy section */

/* Begin PBXFileReference section */
		82E7553524EEA01F0040801A /* Fokus Timer.app */ = {isa = PBXFileReference; explicitFileType = wrapper.application; includeInIndex = 0; path = "Fokus Timer.app"; sourceTree = BUILT_PRODUCTS_DIR; };
		82E7553824EEA01F0040801A /* AppDelegate.swift */ = {isa = PBXFileReference; lastKnownFileType = sourcecode.swift; path = AppDelegate.swift; sourceTree = "<group>"; };
		82E7553A24EEA01F0040801A /* SceneDelegate.swift */ = {isa = PBXFileReference; lastKnownFileType = sourcecode.swift; path = SceneDelegate.swift; sourceTree = "<group>"; };
		82E7553D24EEA01F0040801A /* Fokus_Timer.xcdatamodel */ = {isa = PBXFileReference; lastKnownFileType = wrapper.xcdatamodel; path = Fokus_Timer.xcdatamodel; sourceTree = "<group>"; };
		82E7553F24EEA01F0040801A /* MainScreen.swift */ = {isa = PBXFileReference; lastKnownFileType = sourcecode.swift; path = MainScreen.swift; sourceTree = "<group>"; };
		82E7554124EEA0210040801A /* Assets.xcassets */ = {isa = PBXFileReference; lastKnownFileType = folder.assetcatalog; path = Assets.xcassets; sourceTree = "<group>"; };
		82E7554424EEA0210040801A /* Preview Assets.xcassets */ = {isa = PBXFileReference; lastKnownFileType = folder.assetcatalog; path = "Preview Assets.xcassets"; sourceTree = "<group>"; };
		82E7554724EEA0210040801A /* Base */ = {isa = PBXFileReference; lastKnownFileType = file.storyboard; name = Base; path = Base.lproj/LaunchScreen.storyboard; sourceTree = "<group>"; };
		82E7554924EEA0210040801A /* Info.plist */ = {isa = PBXFileReference; lastKnownFileType = text.plist.xml; path = Info.plist; sourceTree = "<group>"; };
		82E7554E24EEA0210040801A /* Fokus TimerTests.xctest */ = {isa = PBXFileReference; explicitFileType = wrapper.cfbundle; includeInIndex = 0; path = "Fokus TimerTests.xctest"; sourceTree = BUILT_PRODUCTS_DIR; };
		82E7555224EEA0210040801A /* Fokus_TimerTests.swift */ = {isa = PBXFileReference; lastKnownFileType = sourcecode.swift; path = Fokus_TimerTests.swift; sourceTree = "<group>"; };
		82E7555424EEA0210040801A /* Info.plist */ = {isa = PBXFileReference; lastKnownFileType = text.plist.xml; path = Info.plist; sourceTree = "<group>"; };
		82E7555924EEA0220040801A /* Fokus TimerUITests.xctest */ = {isa = PBXFileReference; explicitFileType = wrapper.cfbundle; includeInIndex = 0; path = "Fokus TimerUITests.xctest"; sourceTree = BUILT_PRODUCTS_DIR; };
		82E7555D24EEA0220040801A /* Fokus_TimerUITests.swift */ = {isa = PBXFileReference; lastKnownFileType = sourcecode.swift; path = Fokus_TimerUITests.swift; sourceTree = "<group>"; };
		82E7555F24EEA0220040801A /* Info.plist */ = {isa = PBXFileReference; lastKnownFileType = text.plist.xml; path = Info.plist; sourceTree = "<group>"; };
/* End PBXFileReference section */

/* Begin PBXFrameworksBuildPhase section */
		82E7553224EEA01F0040801A /* Frameworks */ = {
			isa = PBXFrameworksBuildPhase;
			buildActionMask = 2147483647;
			files = (
			);
			runOnlyForDeploymentPostprocessing = 0;
		};
		82E7554B24EEA0210040801A /* Frameworks */ = {
			isa = PBXFrameworksBuildPhase;
			buildActionMask = 2147483647;
			files = (
			);
			runOnlyForDeploymentPostprocessing = 0;
		};
		82E7555624EEA0220040801A /* Frameworks */ = {
			isa = PBXFrameworksBuildPhase;
			buildActionMask = 2147483647;
			files = (
			);
			runOnlyForDeploymentPostprocessing = 0;
		};
/* End PBXFrameworksBuildPhase section */

/* Begin PBXGroup section */
		82C0DEF124F498E100306B40 /* View */ = {
			isa = PBXGroup;
			children = (
				82E7553F24EEA01F0040801A /* MainScreen.swift */,
			);
			path = View;
			sourceTree = "<group>";
		};
		82E7552C24EEA01F0040801A = {
			isa = PBXGroup;
			children = (
				82E7553724EEA01F0040801A /* Fokus Timer */,
				82E7555124EEA0210040801A /* Fokus TimerTests */,
				82E7555C24EEA0220040801A /* Fokus TimerUITests */,
				82E7553624EEA01F0040801A /* Products */,
			);
			sourceTree = "<group>";
		};
		82E7553624EEA01F0040801A /* Products */ = {
			isa = PBXGroup;
			children = (
				82E7553524EEA01F0040801A /* Fokus Timer.app */,
				82E7554E24EEA0210040801A /* Fokus TimerTests.xctest */,
				82E7555924EEA0220040801A /* Fokus TimerUITests.xctest */,
			);
			name = Products;
			sourceTree = "<group>";
		};
		82E7553724EEA01F0040801A /* Fokus Timer */ = {
			isa = PBXGroup;
			children = (
				82E7553824EEA01F0040801A /* AppDelegate.swift */,
				82E7553A24EEA01F0040801A /* SceneDelegate.swift */,
				82C0DEF124F498E100306B40 /* View */,
				82E7554124EEA0210040801A /* Assets.xcassets */,
				82E7554624EEA0210040801A /* LaunchScreen.storyboard */,
				82E7554924EEA0210040801A /* Info.plist */,
				82E7553C24EEA01F0040801A /* Fokus_Timer.xcdatamodeld */,
				82E7554324EEA0210040801A /* Preview Content */,
			);
			path = "Fokus Timer";
			sourceTree = "<group>";
		};
		82E7554324EEA0210040801A /* Preview Content */ = {
			isa = PBXGroup;
			children = (
				82E7554424EEA0210040801A /* Preview Assets.xcassets */,
			);
			path = "Preview Content";
			sourceTree = "<group>";
		};
		82E7555124EEA0210040801A /* Fokus TimerTests */ = {
			isa = PBXGroup;
			children = (
				82E7555224EEA0210040801A /* Fokus_TimerTests.swift */,
				82E7555424EEA0210040801A /* Info.plist */,
			);
			path = "Fokus TimerTests";
			sourceTree = "<group>";
		};
		82E7555C24EEA0220040801A /* Fokus TimerUITests */ = {
			isa = PBXGroup;
			children = (
				82E7555D24EEA0220040801A /* Fokus_TimerUITests.swift */,
				82E7555F24EEA0220040801A /* Info.plist */,
			);
			path = "Fokus TimerUITests";
			sourceTree = "<group>";
		};
/* End PBXGroup section */

/* Begin PBXNativeTarget section */
		82E7553424EEA01F0040801A /* Fokus Timer */ = {
			isa = PBXNativeTarget;
			buildConfigurationList = 82E7556224EEA0220040801A /* Build configuration list for PBXNativeTarget "Fokus Timer" */;
			buildPhases = (
				82E7553124EEA01F0040801A /* Sources */,
				82E7553224EEA01F0040801A /* Frameworks */,
				82E7553324EEA01F0040801A /* Resources */,
			);
			buildRules = (
			);
			dependencies = (
			);
			name = "Fokus Timer";
			productName = "Fokus Timer";
			productReference = 82E7553524EEA01F0040801A /* Fokus Timer.app */;
			productType = "com.apple.product-type.application";
		};
		82E7554D24EEA0210040801A /* Fokus TimerTests */ = {
			isa = PBXNativeTarget;
			buildConfigurationList = 82E7556524EEA0220040801A /* Build configuration list for PBXNativeTarget "Fokus TimerTests" */;
			buildPhases = (
				82E7554A24EEA0210040801A /* Sources */,
				82E7554B24EEA0210040801A /* Frameworks */,
				82E7554C24EEA0210040801A /* Resources */,
			);
			buildRules = (
			);
			dependencies = (
				82E7555024EEA0210040801A /* PBXTargetDependency */,
			);
			name = "Fokus TimerTests";
			productName = "Fokus TimerTests";
			productReference = 82E7554E24EEA0210040801A /* Fokus TimerTests.xctest */;
			productType = "com.apple.product-type.bundle.unit-test";
		};
		82E7555824EEA0220040801A /* Fokus TimerUITests */ = {
			isa = PBXNativeTarget;
			buildConfigurationList = 82E7556824EEA0220040801A /* Build configuration list for PBXNativeTarget "Fokus TimerUITests" */;
			buildPhases = (
				82E7555524EEA0220040801A /* Sources */,
				82E7555624EEA0220040801A /* Frameworks */,
				82E7555724EEA0220040801A /* Resources */,
			);
			buildRules = (
			);
			dependencies = (
				82E7555B24EEA0220040801A /* PBXTargetDependency */,
			);
			name = "Fokus TimerUITests";
			productName = "Fokus TimerUITests";
			productReference = 82E7555924EEA0220040801A /* Fokus TimerUITests.xctest */;
			productType = "com.apple.product-type.bundle.ui-testing";
		};
/* End PBXNativeTarget section */

/* Begin PBXProject section */
		82E7552D24EEA01F0040801A /* Project object */ = {
			isa = PBXProject;
			attributes = {
				LastSwiftUpdateCheck = 1200;
				LastUpgradeCheck = 1200;
				TargetAttributes = {
					82E7553424EEA01F0040801A = {
						CreatedOnToolsVersion = 12.0;
					};
					82E7554D24EEA0210040801A = {
						CreatedOnToolsVersion = 12.0;
						TestTargetID = 82E7553424EEA01F0040801A;
					};
					82E7555824EEA0220040801A = {
						CreatedOnToolsVersion = 12.0;
						TestTargetID = 82E7553424EEA01F0040801A;
					};
				};
			};
			buildConfigurationList = 82E7553024EEA01F0040801A /* Build configuration list for PBXProject "Fokus Timer" */;
			compatibilityVersion = "Xcode 9.3";
			developmentRegion = en;
			hasScannedForEncodings = 0;
			knownRegions = (
				en,
				Base,
			);
			mainGroup = 82E7552C24EEA01F0040801A;
			productRefGroup = 82E7553624EEA01F0040801A /* Products */;
			projectDirPath = "";
			projectRoot = "";
			targets = (
				82E7553424EEA01F0040801A /* Fokus Timer */,
				82E7554D24EEA0210040801A /* Fokus TimerTests */,
				82E7555824EEA0220040801A /* Fokus TimerUITests */,
			);
		};
/* End PBXProject section */

/* Begin PBXResourcesBuildPhase section */
		82E7553324EEA01F0040801A /* Resources */ = {
			isa = PBXResourcesBuildPhase;
			buildActionMask = 2147483647;
			files = (
				82E7554824EEA0210040801A /* LaunchScreen.storyboard in Resources */,
				82E7554524EEA0210040801A /* Preview Assets.xcassets in Resources */,
				82E7554224EEA0210040801A /* Assets.xcassets in Resources */,
			);
			runOnlyForDeploymentPostprocessing = 0;
		};
		82E7554C24EEA0210040801A /* Resources */ = {
			isa = PBXResourcesBuildPhase;
			buildActionMask = 2147483647;
			files = (
			);
			runOnlyForDeploymentPostprocessing = 0;
		};
		82E7555724EEA0220040801A /* Resources */ = {
			isa = PBXResourcesBuildPhase;
			buildActionMask = 2147483647;
			files = (
			);
			runOnlyForDeploymentPostprocessing = 0;
		};
/* End PBXResourcesBuildPhase section */

/* Begin PBXSourcesBuildPhase section */
		82E7553124EEA01F0040801A /* Sources */ = {
			isa = PBXSourcesBuildPhase;
			buildActionMask = 2147483647;
			files = (
				82E7553924EEA01F0040801A /* AppDelegate.swift in Sources */,
				82E7553B24EEA01F0040801A /* SceneDelegate.swift in Sources */,
				82E7554024EEA01F0040801A /* MainScreen.swift in Sources */,
				82E7553E24EEA01F0040801A /* Fokus_Timer.xcdatamodeld in Sources */,
			);
			runOnlyForDeploymentPostprocessing = 0;
		};
		82E7554A24EEA0210040801A /* Sources */ = {
			isa = PBXSourcesBuildPhase;
			buildActionMask = 2147483647;
			files = (
				82E7555324EEA0210040801A /* Fokus_TimerTests.swift in Sources */,
			);
			runOnlyForDeploymentPostprocessing = 0;
		};
		82E7555524EEA0220040801A /* Sources */ = {
			isa = PBXSourcesBuildPhase;
			buildActionMask = 2147483647;
			files = (
				82E7555E24EEA0220040801A /* Fokus_TimerUITests.swift in Sources */,
			);
			runOnlyForDeploymentPostprocessing = 0;
		};
/* End PBXSourcesBuildPhase section */

/* Begin PBXTargetDependency section */
		82E7555024EEA0210040801A /* PBXTargetDependency */ = {
			isa = PBXTargetDependency;
			target = 82E7553424EEA01F0040801A /* Fokus Timer */;
			targetProxy = 82E7554F24EEA0210040801A /* PBXContainerItemProxy */;
		};
		82E7555B24EEA0220040801A /* PBXTargetDependency */ = {
			isa = PBXTargetDependency;
			target = 82E7553424EEA01F0040801A /* Fokus Timer */;
			targetProxy = 82E7555A24EEA0220040801A /* PBXContainerItemProxy */;
		};
/* End PBXTargetDependency section */

/* Begin PBXVariantGroup section */
		82E7554624EEA0210040801A /* LaunchScreen.storyboard */ = {
			isa = PBXVariantGroup;
			children = (
				82E7554724EEA0210040801A /* Base */,
			);
			name = LaunchScreen.storyboard;
			sourceTree = "<group>";
		};
/* End PBXVariantGroup section */

/* Begin XCBuildConfiguration section */
		82E7556024EEA0220040801A /* Debug */ = {
			isa = XCBuildConfiguration;
			buildSettings = {
				ALWAYS_SEARCH_USER_PATHS = NO;
				CLANG_ANALYZER_NONNULL = YES;
				CLANG_ANALYZER_NUMBER_OBJECT_CONVERSION = YES_AGGRESSIVE;
				CLANG_CXX_LANGUAGE_STANDARD = "gnu++14";
				CLANG_CXX_LIBRARY = "libc++";
				CLANG_ENABLE_MODULES = YES;
				CLANG_ENABLE_OBJC_ARC = YES;
				CLANG_ENABLE_OBJC_WEAK = YES;
				CLANG_WARN_BLOCK_CAPTURE_AUTORELEASING = YES;
				CLANG_WARN_BOOL_CONVERSION = YES;
				CLANG_WARN_COMMA = YES;
				CLANG_WARN_CONSTANT_CONVERSION = YES;
				CLANG_WARN_DEPRECATED_OBJC_IMPLEMENTATIONS = YES;
				CLANG_WARN_DIRECT_OBJC_ISA_USAGE = YES_ERROR;
				CLANG_WARN_DOCUMENTATION_COMMENTS = YES;
				CLANG_WARN_EMPTY_BODY = YES;
				CLANG_WARN_ENUM_CONVERSION = YES;
				CLANG_WARN_INFINITE_RECURSION = YES;
				CLANG_WARN_INT_CONVERSION = YES;
				CLANG_WARN_NON_LITERAL_NULL_CONVERSION = YES;
				CLANG_WARN_OBJC_IMPLICIT_RETAIN_SELF = YES;
				CLANG_WARN_OBJC_LITERAL_CONVERSION = YES;
				CLANG_WARN_OBJC_ROOT_CLASS = YES_ERROR;
				CLANG_WARN_QUOTED_INCLUDE_IN_FRAMEWORK_HEADER = YES;
				CLANG_WARN_RANGE_LOOP_ANALYSIS = YES;
				CLANG_WARN_STRICT_PROTOTYPES = YES;
				CLANG_WARN_SUSPICIOUS_MOVE = YES;
				CLANG_WARN_UNGUARDED_AVAILABILITY = YES_AGGRESSIVE;
				CLANG_WARN_UNREACHABLE_CODE = YES;
				CLANG_WARN__DUPLICATE_METHOD_MATCH = YES;
				COPY_PHASE_STRIP = NO;
				DEBUG_INFORMATION_FORMAT = dwarf;
				ENABLE_STRICT_OBJC_MSGSEND = YES;
				ENABLE_TESTABILITY = YES;
				GCC_C_LANGUAGE_STANDARD = gnu11;
				GCC_DYNAMIC_NO_PIC = NO;
				GCC_NO_COMMON_BLOCKS = YES;
				GCC_OPTIMIZATION_LEVEL = 0;
				GCC_PREPROCESSOR_DEFINITIONS = (
					"DEBUG=1",
					"$(inherited)",
				);
				GCC_WARN_64_TO_32_BIT_CONVERSION = YES;
				GCC_WARN_ABOUT_RETURN_TYPE = YES_ERROR;
				GCC_WARN_UNDECLARED_SELECTOR = YES;
				GCC_WARN_UNINITIALIZED_AUTOS = YES_AGGRESSIVE;
				GCC_WARN_UNUSED_FUNCTION = YES;
				GCC_WARN_UNUSED_VARIABLE = YES;
				IPHONEOS_DEPLOYMENT_TARGET = 14.0;
				MTL_ENABLE_DEBUG_INFO = INCLUDE_SOURCE;
				MTL_FAST_MATH = YES;
				ONLY_ACTIVE_ARCH = YES;
				SDKROOT = iphoneos;
				SWIFT_ACTIVE_COMPILATION_CONDITIONS = DEBUG;
				SWIFT_OPTIMIZATION_LEVEL = "-Onone";
			};
			name = Debug;
		};
		82E7556124EEA0220040801A /* Release */ = {
			isa = XCBuildConfiguration;
			buildSettings = {
				ALWAYS_SEARCH_USER_PATHS = NO;
				CLANG_ANALYZER_NONNULL = YES;
				CLANG_ANALYZER_NUMBER_OBJECT_CONVERSION = YES_AGGRESSIVE;
				CLANG_CXX_LANGUAGE_STANDARD = "gnu++14";
				CLANG_CXX_LIBRARY = "libc++";
				CLANG_ENABLE_MODULES = YES;
				CLANG_ENABLE_OBJC_ARC = YES;
				CLANG_ENABLE_OBJC_WEAK = YES;
				CLANG_WARN_BLOCK_CAPTURE_AUTORELEASING = YES;
				CLANG_WARN_BOOL_CONVERSION = YES;
				CLANG_WARN_COMMA = YES;
				CLANG_WARN_CONSTANT_CONVERSION = YES;
				CLANG_WARN_DEPRECATED_OBJC_IMPLEMENTATIONS = YES;
				CLANG_WARN_DIRECT_OBJC_ISA_USAGE = YES_ERROR;
				CLANG_WARN_DOCUMENTATION_COMMENTS = YES;
				CLANG_WARN_EMPTY_BODY = YES;
				CLANG_WARN_ENUM_CONVERSION = YES;
				CLANG_WARN_INFINITE_RECURSION = YES;
				CLANG_WARN_INT_CONVERSION = YES;
				CLANG_WARN_NON_LITERAL_NULL_CONVERSION = YES;
				CLANG_WARN_OBJC_IMPLICIT_RETAIN_SELF = YES;
				CLANG_WARN_OBJC_LITERAL_CONVERSION = YES;
				CLANG_WARN_OBJC_ROOT_CLASS = YES_ERROR;
				CLANG_WARN_QUOTED_INCLUDE_IN_FRAMEWORK_HEADER = YES;
				CLANG_WARN_RANGE_LOOP_ANALYSIS = YES;
				CLANG_WARN_STRICT_PROTOTYPES = YES;
				CLANG_WARN_SUSPICIOUS_MOVE = YES;
				CLANG_WARN_UNGUARDED_AVAILABILITY = YES_AGGRESSIVE;
				CLANG_WARN_UNREACHABLE_CODE = YES;
				CLANG_WARN__DUPLICATE_METHOD_MATCH = YES;
				COPY_PHASE_STRIP = NO;
				DEBUG_INFORMATION_FORMAT = "dwarf-with-dsym";
				ENABLE_NS_ASSERTIONS = NO;
				ENABLE_STRICT_OBJC_MSGSEND = YES;
				GCC_C_LANGUAGE_STANDARD = gnu11;
				GCC_NO_COMMON_BLOCKS = YES;
				GCC_WARN_64_TO_32_BIT_CONVERSION = YES;
				GCC_WARN_ABOUT_RETURN_TYPE = YES_ERROR;
				GCC_WARN_UNDECLARED_SELECTOR = YES;
				GCC_WARN_UNINITIALIZED_AUTOS = YES_AGGRESSIVE;
				GCC_WARN_UNUSED_FUNCTION = YES;
				GCC_WARN_UNUSED_VARIABLE = YES;
				IPHONEOS_DEPLOYMENT_TARGET = 14.0;
				MTL_ENABLE_DEBUG_INFO = NO;
				MTL_FAST_MATH = YES;
				SDKROOT = iphoneos;
				SWIFT_COMPILATION_MODE = wholemodule;
				SWIFT_OPTIMIZATION_LEVEL = "-O";
				VALIDATE_PRODUCT = YES;
			};
			name = Release;
		};
		82E7556324EEA0220040801A /* Debug */ = {
			isa = XCBuildConfiguration;
			buildSettings = {
				ASSETCATALOG_COMPILER_APPICON_NAME = AppIcon;
				ASSETCATALOG_COMPILER_GLOBAL_ACCENT_COLOR_NAME = AccentColor;
				CODE_SIGN_STYLE = Automatic;
				DEVELOPMENT_ASSET_PATHS = "\"Fokus Timer/Preview Content\"";
				DEVELOPMENT_TEAM = DS8DA7YN5X;
				ENABLE_PREVIEWS = YES;
				INFOPLIST_FILE = "Fokus Timer/Info.plist";
				IPHONEOS_DEPLOYMENT_TARGET = 13.0;
				LD_RUNPATH_SEARCH_PATHS = (
					"$(inherited)",
					"@executable_path/Frameworks",
				);
				PRODUCT_BUNDLE_IDENTIFIER = "com.indrapp.Fokus-Timer";
				PRODUCT_NAME = "$(TARGET_NAME)";
				SWIFT_VERSION = 5.0;
				TARGETED_DEVICE_FAMILY = "1,2";
			};
			name = Debug;
		};
		82E7556424EEA0220040801A /* Release */ = {
			isa = XCBuildConfiguration;
			buildSettings = {
				ASSETCATALOG_COMPILER_APPICON_NAME = AppIcon;
				ASSETCATALOG_COMPILER_GLOBAL_ACCENT_COLOR_NAME = AccentColor;
				CODE_SIGN_STYLE = Automatic;
				DEVELOPMENT_ASSET_PATHS = "\"Fokus Timer/Preview Content\"";
				DEVELOPMENT_TEAM = DS8DA7YN5X;
				ENABLE_PREVIEWS = YES;
				INFOPLIST_FILE = "Fokus Timer/Info.plist";
				IPHONEOS_DEPLOYMENT_TARGET = 13.0;
				LD_RUNPATH_SEARCH_PATHS = (
					"$(inherited)",
					"@executable_path/Frameworks",
				);
				PRODUCT_BUNDLE_IDENTIFIER = "com.indrapp.Fokus-Timer";
				PRODUCT_NAME = "$(TARGET_NAME)";
				SWIFT_VERSION = 5.0;
				TARGETED_DEVICE_FAMILY = "1,2";
			};
			name = Release;
		};
		82E7556624EEA0220040801A /* Debug */ = {
			isa = XCBuildConfiguration;
			buildSettings = {
				ALWAYS_EMBED_SWIFT_STANDARD_LIBRARIES = YES;
				BUNDLE_LOADER = "$(TEST_HOST)";
				CODE_SIGN_STYLE = Automatic;
				DEVELOPMENT_TEAM = DS8DA7YN5X;
				INFOPLIST_FILE = "Fokus TimerTests/Info.plist";
				IPHONEOS_DEPLOYMENT_TARGET = 14.0;
				LD_RUNPATH_SEARCH_PATHS = (
					"$(inherited)",
					"@executable_path/Frameworks",
					"@loader_path/Frameworks",
				);
				PRODUCT_BUNDLE_IDENTIFIER = "com.indrapp.Fokus-TimerTests";
				PRODUCT_NAME = "$(TARGET_NAME)";
				SWIFT_VERSION = 5.0;
				TARGETED_DEVICE_FAMILY = "1,2";
				TEST_HOST = "$(BUILT_PRODUCTS_DIR)/Fokus Timer.app/Fokus Timer";
			};
			name = Debug;
		};
		82E7556724EEA0220040801A /* Release */ = {
			isa = XCBuildConfiguration;
			buildSettings = {
				ALWAYS_EMBED_SWIFT_STANDARD_LIBRARIES = YES;
				BUNDLE_LOADER = "$(TEST_HOST)";
				CODE_SIGN_STYLE = Automatic;
				DEVELOPMENT_TEAM = DS8DA7YN5X;
				INFOPLIST_FILE = "Fokus TimerTests/Info.plist";
				IPHONEOS_DEPLOYMENT_TARGET = 14.0;
				LD_RUNPATH_SEARCH_PATHS = (
					"$(inherited)",
					"@executable_path/Frameworks",
					"@loader_path/Frameworks",
				);
				PRODUCT_BUNDLE_IDENTIFIER = "com.indrapp.Fokus-TimerTests";
				PRODUCT_NAME = "$(TARGET_NAME)";
				SWIFT_VERSION = 5.0;
				TARGETED_DEVICE_FAMILY = "1,2";
				TEST_HOST = "$(BUILT_PRODUCTS_DIR)/Fokus Timer.app/Fokus Timer";
			};
			name = Release;
		};
		82E7556924EEA0220040801A /* Debug */ = {
			isa = XCBuildConfiguration;
			buildSettings = {
				ALWAYS_EMBED_SWIFT_STANDARD_LIBRARIES = YES;
				CODE_SIGN_STYLE = Automatic;
				DEVELOPMENT_TEAM = DS8DA7YN5X;
				INFOPLIST_FILE = "Fokus TimerUITests/Info.plist";
				LD_RUNPATH_SEARCH_PATHS = (
					"$(inherited)",
					"@executable_path/Frameworks",
					"@loader_path/Frameworks",
				);
				PRODUCT_BUNDLE_IDENTIFIER = "com.indrapp.Fokus-TimerUITests";
				PRODUCT_NAME = "$(TARGET_NAME)";
				SWIFT_VERSION = 5.0;
				TARGETED_DEVICE_FAMILY = "1,2";
				TEST_TARGET_NAME = "Fokus Timer";
			};
			name = Debug;
		};
		82E7556A24EEA0220040801A /* Release */ = {
			isa = XCBuildConfiguration;
			buildSettings = {
				ALWAYS_EMBED_SWIFT_STANDARD_LIBRARIES = YES;
				CODE_SIGN_STYLE = Automatic;
				DEVELOPMENT_TEAM = DS8DA7YN5X;
				INFOPLIST_FILE = "Fokus TimerUITests/Info.plist";
				LD_RUNPATH_SEARCH_PATHS = (
					"$(inherited)",
					"@executable_path/Frameworks",
					"@loader_path/Frameworks",
				);
				PRODUCT_BUNDLE_IDENTIFIER = "com.indrapp.Fokus-TimerUITests";
				PRODUCT_NAME = "$(TARGET_NAME)";
				SWIFT_VERSION = 5.0;
				TARGETED_DEVICE_FAMILY = "1,2";
				TEST_TARGET_NAME = "Fokus Timer";
			};
			name = Release;
		};
/* End XCBuildConfiguration section */

/* Begin XCConfigurationList section */
		82E7553024EEA01F0040801A /* Build configuration list for PBXProject "Fokus Timer" */ = {
			isa = XCConfigurationList;
			buildConfigurations = (
				82E7556024EEA0220040801A /* Debug */,
				82E7556124EEA0220040801A /* Release */,
			);
			defaultConfigurationIsVisible = 0;
			defaultConfigurationName = Release;
		};
		82E7556224EEA0220040801A /* Build configuration list for PBXNativeTarget "Fokus Timer" */ = {
			isa = XCConfigurationList;
			buildConfigurations = (
				82E7556324EEA0220040801A /* Debug */,
				82E7556424EEA0220040801A /* Release */,
			);
			defaultConfigurationIsVisible = 0;
			defaultConfigurationName = Release;
		};
		82E7556524EEA0220040801A /* Build configuration list for PBXNativeTarget "Fokus TimerTests" */ = {
			isa = XCConfigurationList;
			buildConfigurations = (
				82E7556624EEA0220040801A /* Debug */,
				82E7556724EEA0220040801A /* Release */,
			);
			defaultConfigurationIsVisible = 0;
			defaultConfigurationName = Release;
		};
		82E7556824EEA0220040801A /* Build configuration list for PBXNativeTarget "Fokus TimerUITests" */ = {
			isa = XCConfigurationList;
			buildConfigurations = (
				82E7556924EEA0220040801A /* Debug */,
				82E7556A24EEA0220040801A /* Release */,
			);
			defaultConfigurationIsVisible = 0;
			defaultConfigurationName = Release;
		};
/* End XCConfigurationList section */

/* Begin XCVersionGroup section */
		82E7553C24EEA01F0040801A /* Fokus_Timer.xcdatamodeld */ = {
			isa = XCVersionGroup;
			children = (
				82E7553D24EEA01F0040801A /* Fokus_Timer.xcdatamodel */,
			);
			currentVersion = 82E7553D24EEA01F0040801A /* Fokus_Timer.xcdatamodel */;
			path = Fokus_Timer.xcdatamodeld;
			sourceTree = "<group>";
			versionGroupType = wrapper.xcdatamodel;
		};
/* End XCVersionGroup section */
	};
	rootObject = 82E7552D24EEA01F0040801A /* Project object */;
}
